
Microsoft Visual Studio Solution File, Format Version 12.00
# Visual Studio 14
VisualStudioVersion = 14.0.25123.0
MinimumVisualStudioVersion = 10.0.40219.1
Project("{FAE04EC0-301F-11D3-BF4B-00C04F79EFBC}") = "TekkersV2.Droid", "TekkersV2\TekkersV2.Droid\TekkersV2.Droid.csproj", "{0B7020B4-14E9-4846-89E1-F1C598CF483C}"
EndProject
Project("{FAE04EC0-301F-11D3-BF4B-00C04F79EFBC}") = "TekkersV2.iOS", "TekkersV2\TekkersV2.iOS\TekkersV2.iOS.csproj", "{62010CCF-2D8C-4047-AA9C-1D5F6205D91C}"
EndProject
Project("{FAE04EC0-301F-11D3-BF4B-00C04F79EFBC}") = "TekkersV2.WinPhone", "TekkersV2\TekkersV2.WinPhone\TekkersV2.WinPhone.csproj", "{0CB2A6D2-4BE9-40DF-B8E3-37C46F827D64}"
EndProject
Project("{FAE04EC0-301F-11D3-BF4B-00C04F79EFBC}") = "TekkersV2.UWP", "TekkersV2\TekkersV2.UWP\TekkersV2.UWP.csproj", "{340C04EC-EFD2-43BB-8D97-0F644215D8C2}"
EndProject
Project("{FAE04EC0-301F-11D3-BF4B-00C04F79EFBC}") = "TekkersV2.Windows", "TekkersV2\TekkersV2.Windows\TekkersV2.Windows.csproj", "{6914CBF1-BEF0-48D2-ABB6-A3E6DB85864F}"
EndProject
Project("{FAE04EC0-301F-11D3-BF4B-00C04F79EFBC}") = "TekkersV2", "TekkersV2\TekkersV2\TekkersV2.csproj", "{ADA7B0AD-7A42-4BCF-9F51-097CEAB6D807}"
EndProject
Global
	GlobalSection(SolutionConfigurationPlatforms) = preSolution
		Ad-Hoc|Any CPU = Ad-Hoc|Any CPU
		Ad-Hoc|ARM = Ad-Hoc|ARM
		Ad-Hoc|iPhone = Ad-Hoc|iPhone
		Ad-Hoc|iPhoneSimulator = Ad-Hoc|iPhoneSimulator
		Ad-Hoc|x64 = Ad-Hoc|x64
		Ad-Hoc|x86 = Ad-Hoc|x86
		AppStore|Any CPU = AppStore|Any CPU
		AppStore|ARM = AppStore|ARM
		AppStore|iPhone = AppStore|iPhone
		AppStore|iPhoneSimulator = AppStore|iPhoneSimulator
		AppStore|x64 = AppStore|x64
		AppStore|x86 = AppStore|x86
		Debug|Any CPU = Debug|Any CPU
		Debug|ARM = Debug|ARM
		Debug|iPhone = Debug|iPhone
		Debug|iPhoneSimulator = Debug|iPhoneSimulator
		Debug|x64 = Debug|x64
		Debug|x86 = Debug|x86
		Release|Any CPU = Release|Any CPU
		Release|ARM = Release|ARM
		Release|iPhone = Release|iPhone
		Release|iPhoneSimulator = Release|iPhoneSimulator
		Release|x64 = Release|x64
		Release|x86 = Release|x86
	EndGlobalSection
	GlobalSection(ProjectConfigurationPlatforms) = postSolution
		{0B7020B4-14E9-4846-89E1-F1C598CF483C}.Ad-Hoc|Any CPU.ActiveCfg = Release|Any CPU
		{0B7020B4-14E9-4846-89E1-F1C598CF483C}.Ad-Hoc|Any CPU.Build.0 = Release|Any CPU
		{0B7020B4-14E9-4846-89E1-F1C598CF483C}.Ad-Hoc|Any CPU.Deploy.0 = Release|Any CPU
		{0B7020B4-14E9-4846-89E1-F1C598CF483C}.Ad-Hoc|ARM.ActiveCfg = Release|Any CPU
		{0B7020B4-14E9-4846-89E1-F1C598CF483C}.Ad-Hoc|ARM.Build.0 = Release|Any CPU
		{0B7020B4-14E9-4846-89E1-F1C598CF483C}.Ad-Hoc|ARM.Deploy.0 = Release|Any CPU
		{0B7020B4-14E9-4846-89E1-F1C598CF483C}.Ad-Hoc|iPhone.ActiveCfg = Release|Any CPU
		{0B7020B4-14E9-4846-89E1-F1C598CF483C}.Ad-Hoc|iPhone.Build.0 = Release|Any CPU
		{0B7020B4-14E9-4846-89E1-F1C598CF483C}.Ad-Hoc|iPhone.Deploy.0 = Release|Any CPU
		{0B7020B4-14E9-4846-89E1-F1C598CF483C}.Ad-Hoc|iPhoneSimulator.ActiveCfg = Release|Any CPU
		{0B7020B4-14E9-4846-89E1-F1C598CF483C}.Ad-Hoc|iPhoneSimulator.Build.0 = Release|Any CPU
		{0B7020B4-14E9-4846-89E1-F1C598CF483C}.Ad-Hoc|iPhoneSimulator.Deploy.0 = Release|Any CPU
		{0B7020B4-14E9-4846-89E1-F1C598CF483C}.Ad-Hoc|x64.ActiveCfg = Release|Any CPU
		{0B7020B4-14E9-4846-89E1-F1C598CF483C}.Ad-Hoc|x64.Build.0 = Release|Any CPU
		{0B7020B4-14E9-4846-89E1-F1C598CF483C}.Ad-Hoc|x64.Deploy.0 = Release|Any CPU
		{0B7020B4-14E9-4846-89E1-F1C598CF483C}.Ad-Hoc|x86.ActiveCfg = Release|Any CPU
		{0B7020B4-14E9-4846-89E1-F1C598CF483C}.Ad-Hoc|x86.Build.0 = Release|Any CPU
		{0B7020B4-14E9-4846-89E1-F1C598CF483C}.Ad-Hoc|x86.Deploy.0 = Release|Any CPU
		{0B7020B4-14E9-4846-89E1-F1C598CF483C}.AppStore|Any CPU.ActiveCfg = Release|Any CPU
		{0B7020B4-14E9-4846-89E1-F1C598CF483C}.AppStore|Any CPU.Build.0 = Release|Any CPU
		{0B7020B4-14E9-4846-89E1-F1C598CF483C}.AppStore|Any CPU.Deploy.0 = Release|Any CPU
		{0B7020B4-14E9-4846-89E1-F1C598CF483C}.AppStore|ARM.ActiveCfg = Release|Any CPU
		{0B7020B4-14E9-4846-89E1-F1C598CF483C}.AppStore|ARM.Build.0 = Release|Any CPU
		{0B7020B4-14E9-4846-89E1-F1C598CF483C}.AppStore|ARM.Deploy.0 = Release|Any CPU
		{0B7020B4-14E9-4846-89E1-F1C598CF483C}.AppStore|iPhone.ActiveCfg = Release|Any CPU
		{0B7020B4-14E9-4846-89E1-F1C598CF483C}.AppStore|iPhone.Build.0 = Release|Any CPU
		{0B7020B4-14E9-4846-89E1-F1C598CF483C}.AppStore|iPhone.Deploy.0 = Release|Any CPU
		{0B7020B4-14E9-4846-89E1-F1C598CF483C}.AppStore|iPhoneSimulator.ActiveCfg = Release|Any CPU
		{0B7020B4-14E9-4846-89E1-F1C598CF483C}.AppStore|iPhoneSimulator.Build.0 = Release|Any CPU
		{0B7020B4-14E9-4846-89E1-F1C598CF483C}.AppStore|iPhoneSimulator.Deploy.0 = Release|Any CPU
		{0B7020B4-14E9-4846-89E1-F1C598CF483C}.AppStore|x64.ActiveCfg = Release|Any CPU
		{0B7020B4-14E9-4846-89E1-F1C598CF483C}.AppStore|x64.Build.0 = Release|Any CPU
		{0B7020B4-14E9-4846-89E1-F1C598CF483C}.AppStore|x64.Deploy.0 = Release|Any CPU
		{0B7020B4-14E9-4846-89E1-F1C598CF483C}.AppStore|x86.ActiveCfg = Release|Any CPU
		{0B7020B4-14E9-4846-89E1-F1C598CF483C}.AppStore|x86.Build.0 = Release|Any CPU
		{0B7020B4-14E9-4846-89E1-F1C598CF483C}.AppStore|x86.Deploy.0 = Release|Any CPU
		{0B7020B4-14E9-4846-89E1-F1C598CF483C}.Debug|Any CPU.ActiveCfg = Debug|Any CPU
		{0B7020B4-14E9-4846-89E1-F1C598CF483C}.Debug|Any CPU.Build.0 = Debug|Any CPU
		{0B7020B4-14E9-4846-89E1-F1C598CF483C}.Debug|Any CPU.Deploy.0 = Debug|Any CPU
		{0B7020B4-14E9-4846-89E1-F1C598CF483C}.Debug|ARM.ActiveCfg = Debug|Any CPU
		{0B7020B4-14E9-4846-89E1-F1C598CF483C}.Debug|ARM.Build.0 = Debug|Any CPU
		{0B7020B4-14E9-4846-89E1-F1C598CF483C}.Debug|ARM.Deploy.0 = Debug|Any CPU
		{0B7020B4-14E9-4846-89E1-F1C598CF483C}.Debug|iPhone.ActiveCfg = Debug|Any CPU
		{0B7020B4-14E9-4846-89E1-F1C598CF483C}.Debug|iPhone.Build.0 = Debug|Any CPU
		{0B7020B4-14E9-4846-89E1-F1C598CF483C}.Debug|iPhone.Deploy.0 = Debug|Any CPU
		{0B7020B4-14E9-4846-89E1-F1C598CF483C}.Debug|iPhoneSimulator.ActiveCfg = Debug|Any CPU
		{0B7020B4-14E9-4846-89E1-F1C598CF483C}.Debug|iPhoneSimulator.Build.0 = Debug|Any CPU
		{0B7020B4-14E9-4846-89E1-F1C598CF483C}.Debug|iPhoneSimulator.Deploy.0 = Debug|Any CPU
		{0B7020B4-14E9-4846-89E1-F1C598CF483C}.Debug|x64.ActiveCfg = Debug|Any CPU
		{0B7020B4-14E9-4846-89E1-F1C598CF483C}.Debug|x64.Build.0 = Debug|Any CPU
		{0B7020B4-14E9-4846-89E1-F1C598CF483C}.Debug|x64.Deploy.0 = Debug|Any CPU
		{0B7020B4-14E9-4846-89E1-F1C598CF483C}.Debug|x86.ActiveCfg = Debug|Any CPU
		{0B7020B4-14E9-4846-89E1-F1C598CF483C}.Debug|x86.Build.0 = Debug|Any CPU
		{0B7020B4-14E9-4846-89E1-F1C598CF483C}.Debug|x86.Deploy.0 = Debug|Any CPU
		{0B7020B4-14E9-4846-89E1-F1C598CF483C}.Release|Any CPU.ActiveCfg = Release|Any CPU
		{0B7020B4-14E9-4846-89E1-F1C598CF483C}.Release|Any CPU.Build.0 = Release|Any CPU
		{0B7020B4-14E9-4846-89E1-F1C598CF483C}.Release|Any CPU.Deploy.0 = Release|Any CPU
		{0B7020B4-14E9-4846-89E1-F1C598CF483C}.Release|ARM.ActiveCfg = Release|Any CPU
		{0B7020B4-14E9-4846-89E1-F1C598CF483C}.Release|ARM.Build.0 = Release|Any CPU
		{0B7020B4-14E9-4846-89E1-F1C598CF483C}.Release|ARM.Deploy.0 = Release|Any CPU
		{0B7020B4-14E9-4846-89E1-F1C598CF483C}.Release|iPhone.ActiveCfg = Release|Any CPU
		{0B7020B4-14E9-4846-89E1-F1C598CF483C}.Release|iPhone.Build.0 = Release|Any CPU
		{0B7020B4-14E9-4846-89E1-F1C598CF483C}.Release|iPhone.Deploy.0 = Release|Any CPU
		{0B7020B4-14E9-4846-89E1-F1C598CF483C}.Release|iPhoneSimulator.ActiveCfg = Release|Any CPU
		{0B7020B4-14E9-4846-89E1-F1C598CF483C}.Release|iPhoneSimulator.Build.0 = Release|Any CPU
		{0B7020B4-14E9-4846-89E1-F1C598CF483C}.Release|iPhoneSimulator.Deploy.0 = Release|Any CPU
		{0B7020B4-14E9-4846-89E1-F1C598CF483C}.Release|x64.ActiveCfg = Release|Any CPU
		{0B7020B4-14E9-4846-89E1-F1C598CF483C}.Release|x64.Build.0 = Release|Any CPU
		{0B7020B4-14E9-4846-89E1-F1C598CF483C}.Release|x64.Deploy.0 = Release|Any CPU
		{0B7020B4-14E9-4846-89E1-F1C598CF483C}.Release|x86.ActiveCfg = Release|Any CPU
		{0B7020B4-14E9-4846-89E1-F1C598CF483C}.Release|x86.Build.0 = Release|Any CPU
		{0B7020B4-14E9-4846-89E1-F1C598CF483C}.Release|x86.Deploy.0 = Release|Any CPU
		{62010CCF-2D8C-4047-AA9C-1D5F6205D91C}.Ad-Hoc|Any CPU.ActiveCfg = Ad-Hoc|iPhone
		{62010CCF-2D8C-4047-AA9C-1D5F6205D91C}.Ad-Hoc|ARM.ActiveCfg = Ad-Hoc|iPhone
		{62010CCF-2D8C-4047-AA9C-1D5F6205D91C}.Ad-Hoc|iPhone.ActiveCfg = Ad-Hoc|iPhone
		{62010CCF-2D8C-4047-AA9C-1D5F6205D91C}.Ad-Hoc|iPhone.Build.0 = Ad-Hoc|iPhone
		{62010CCF-2D8C-4047-AA9C-1D5F6205D91C}.Ad-Hoc|iPhoneSimulator.ActiveCfg = Ad-Hoc|iPhoneSimulator
		{62010CCF-2D8C-4047-AA9C-1D5F6205D91C}.Ad-Hoc|iPhoneSimulator.Build.0 = Ad-Hoc|iPhoneSimulator
		{62010CCF-2D8C-4047-AA9C-1D5F6205D91C}.Ad-Hoc|x64.ActiveCfg = Ad-Hoc|iPhone
		{62010CCF-2D8C-4047-AA9C-1D5F6205D91C}.Ad-Hoc|x86.ActiveCfg = Ad-Hoc|iPhone
		{62010CCF-2D8C-4047-AA9C-1D5F6205D91C}.AppStore|Any CPU.ActiveCfg = AppStore|iPhone
		{62010CCF-2D8C-4047-AA9C-1D5F6205D91C}.AppStore|ARM.ActiveCfg = AppStore|iPhone
		{62010CCF-2D8C-4047-AA9C-1D5F6205D91C}.AppStore|iPhone.ActiveCfg = AppStore|iPhone
		{62010CCF-2D8C-4047-AA9C-1D5F6205D91C}.AppStore|iPhone.Build.0 = AppStore|iPhone
		{62010CCF-2D8C-4047-AA9C-1D5F6205D91C}.AppStore|iPhoneSimulator.ActiveCfg = AppStore|iPhoneSimulator
		{62010CCF-2D8C-4047-AA9C-1D5F6205D91C}.AppStore|iPhoneSimulator.Build.0 = AppStore|iPhoneSimulator
		{62010CCF-2D8C-4047-AA9C-1D5F6205D91C}.AppStore|x64.ActiveCfg = AppStore|iPhone
		{62010CCF-2D8C-4047-AA9C-1D5F6205D91C}.AppStore|x86.ActiveCfg = AppStore|iPhone
		{62010CCF-2D8C-4047-AA9C-1D5F6205D91C}.Debug|Any CPU.ActiveCfg = Debug|iPhone
		{62010CCF-2D8C-4047-AA9C-1D5F6205D91C}.Debug|Any CPU.Build.0 = Debug|iPhone
		{62010CCF-2D8C-4047-AA9C-1D5F6205D91C}.Debug|ARM.ActiveCfg = Debug|iPhone
		{62010CCF-2D8C-4047-AA9C-1D5F6205D91C}.Debug|iPhone.ActiveCfg = Debug|iPhone
		{62010CCF-2D8C-4047-AA9C-1D5F6205D91C}.Debug|iPhone.Build.0 = Debug|iPhone
		{62010CCF-2D8C-4047-AA9C-1D5F6205D91C}.Debug|iPhoneSimulator.ActiveCfg = Debug|iPhoneSimulator
		{62010CCF-2D8C-4047-AA9C-1D5F6205D91C}.Debug|iPhoneSimulator.Build.0 = Debug|iPhoneSimulator
		{62010CCF-2D8C-4047-AA9C-1D5F6205D91C}.Debug|x64.ActiveCfg = Debug|iPhone
		{62010CCF-2D8C-4047-AA9C-1D5F6205D91C}.Debug|x86.ActiveCfg = Debug|iPhone
		{62010CCF-2D8C-4047-AA9C-1D5F6205D91C}.Release|Any CPU.ActiveCfg = Release|iPhone
		{62010CCF-2D8C-4047-AA9C-1D5F6205D91C}.Release|ARM.ActiveCfg = Release|iPhone
		{62010CCF-2D8C-4047-AA9C-1D5F6205D91C}.Release|iPhone.ActiveCfg = Release|iPhone
		{62010CCF-2D8C-4047-AA9C-1D5F6205D91C}.Release|iPhone.Build.0 = Release|iPhone
		{62010CCF-2D8C-4047-AA9C-1D5F6205D91C}.Release|iPhoneSimulator.ActiveCfg = Release|iPhoneSimulator
		{62010CCF-2D8C-4047-AA9C-1D5F6205D91C}.Release|iPhoneSimulator.Build.0 = Release|iPhoneSimulator
		{62010CCF-2D8C-4047-AA9C-1D5F6205D91C}.Release|x64.ActiveCfg = Release|iPhone
		{62010CCF-2D8C-4047-AA9C-1D5F6205D91C}.Release|x86.ActiveCfg = Release|iPhone
		{0CB2A6D2-4BE9-40DF-B8E3-37C46F827D64}.Ad-Hoc|Any CPU.ActiveCfg = Release|Any CPU
		{0CB2A6D2-4BE9-40DF-B8E3-37C46F827D64}.Ad-Hoc|Any CPU.Build.0 = Release|Any CPU
		{0CB2A6D2-4BE9-40DF-B8E3-37C46F827D64}.Ad-Hoc|Any CPU.Deploy.0 = Release|Any CPU
		{0CB2A6D2-4BE9-40DF-B8E3-37C46F827D64}.Ad-Hoc|ARM.ActiveCfg = Release|ARM
		{0CB2A6D2-4BE9-40DF-B8E3-37C46F827D64}.Ad-Hoc|ARM.Build.0 = Release|ARM
		{0CB2A6D2-4BE9-40DF-B8E3-37C46F827D64}.Ad-Hoc|ARM.Deploy.0 = Release|ARM
		{0CB2A6D2-4BE9-40DF-B8E3-37C46F827D64}.Ad-Hoc|iPhone.ActiveCfg = Release|Any CPU
		{0CB2A6D2-4BE9-40DF-B8E3-37C46F827D64}.Ad-Hoc|iPhone.Build.0 = Release|Any CPU
		{0CB2A6D2-4BE9-40DF-B8E3-37C46F827D64}.Ad-Hoc|iPhone.Deploy.0 = Release|Any CPU
		{0CB2A6D2-4BE9-40DF-B8E3-37C46F827D64}.Ad-Hoc|iPhoneSimulator.ActiveCfg = Release|Any CPU
		{0CB2A6D2-4BE9-40DF-B8E3-37C46F827D64}.Ad-Hoc|iPhoneSimulator.Build.0 = Release|Any CPU
		{0CB2A6D2-4BE9-40DF-B8E3-37C46F827D64}.Ad-Hoc|iPhoneSimulator.Deploy.0 = Release|Any CPU
		{0CB2A6D2-4BE9-40DF-B8E3-37C46F827D64}.Ad-Hoc|x64.ActiveCfg = Release|Any CPU
		{0CB2A6D2-4BE9-40DF-B8E3-37C46F827D64}.Ad-Hoc|x64.Build.0 = Release|Any CPU
		{0CB2A6D2-4BE9-40DF-B8E3-37C46F827D64}.Ad-Hoc|x64.Deploy.0 = Release|Any CPU
		{0CB2A6D2-4BE9-40DF-B8E3-37C46F827D64}.Ad-Hoc|x86.ActiveCfg = Release|x86
		{0CB2A6D2-4BE9-40DF-B8E3-37C46F827D64}.Ad-Hoc|x86.Build.0 = Release|x86
		{0CB2A6D2-4BE9-40DF-B8E3-37C46F827D64}.Ad-Hoc|x86.Deploy.0 = Release|x86
		{0CB2A6D2-4BE9-40DF-B8E3-37C46F827D64}.AppStore|Any CPU.ActiveCfg = Release|Any CPU
		{0CB2A6D2-4BE9-40DF-B8E3-37C46F827D64}.AppStore|Any CPU.Build.0 = Release|Any CPU
		{0CB2A6D2-4BE9-40DF-B8E3-37C46F827D64}.AppStore|Any CPU.Deploy.0 = Release|Any CPU
		{0CB2A6D2-4BE9-40DF-B8E3-37C46F827D64}.AppStore|ARM.ActiveCfg = Release|ARM
		{0CB2A6D2-4BE9-40DF-B8E3-37C46F827D64}.AppStore|ARM.Build.0 = Release|ARM
		{0CB2A6D2-4BE9-40DF-B8E3-37C46F827D64}.AppStore|ARM.Deploy.0 = Release|ARM
		{0CB2A6D2-4BE9-40DF-B8E3-37C46F827D64}.AppStore|iPhone.ActiveCfg = Release|Any CPU
		{0CB2A6D2-4BE9-40DF-B8E3-37C46F827D64}.AppStore|iPhone.Build.0 = Release|Any CPU
		{0CB2A6D2-4BE9-40DF-B8E3-37C46F827D64}.AppStore|iPhone.Deploy.0 = Release|Any CPU
		{0CB2A6D2-4BE9-40DF-B8E3-37C46F827D64}.AppStore|iPhoneSimulator.ActiveCfg = Release|Any CPU
		{0CB2A6D2-4BE9-40DF-B8E3-37C46F827D64}.AppStore|iPhoneSimulator.Build.0 = Release|Any CPU
		{0CB2A6D2-4BE9-40DF-B8E3-37C46F827D64}.AppStore|iPhoneSimulator.Deploy.0 = Release|Any CPU
		{0CB2A6D2-4BE9-40DF-B8E3-37C46F827D64}.AppStore|x64.ActiveCfg = Release|Any CPU
		{0CB2A6D2-4BE9-40DF-B8E3-37C46F827D64}.AppStore|x64.Build.0 = Release|Any CPU
		{0CB2A6D2-4BE9-40DF-B8E3-37C46F827D64}.AppStore|x64.Deploy.0 = Release|Any CPU
		{0CB2A6D2-4BE9-40DF-B8E3-37C46F827D64}.AppStore|x86.ActiveCfg = Release|x86
		{0CB2A6D2-4BE9-40DF-B8E3-37C46F827D64}.AppStore|x86.Build.0 = Release|x86
		{0CB2A6D2-4BE9-40DF-B8E3-37C46F827D64}.AppStore|x86.Deploy.0 = Release|x86
		{0CB2A6D2-4BE9-40DF-B8E3-37C46F827D64}.Debug|Any CPU.ActiveCfg = Debug|Any CPU
		{0CB2A6D2-4BE9-40DF-B8E3-37C46F827D64}.Debug|ARM.ActiveCfg = Debug|ARM
		{0CB2A6D2-4BE9-40DF-B8E3-37C46F827D64}.Debug|ARM.Build.0 = Debug|ARM
		{0CB2A6D2-4BE9-40DF-B8E3-37C46F827D64}.Debug|ARM.Deploy.0 = Debug|ARM
		{0CB2A6D2-4BE9-40DF-B8E3-37C46F827D64}.Debug|iPhone.ActiveCfg = Debug|Any CPU
		{0CB2A6D2-4BE9-40DF-B8E3-37C46F827D64}.Debug|iPhone.Build.0 = Debug|Any CPU
		{0CB2A6D2-4BE9-40DF-B8E3-37C46F827D64}.Debug|iPhone.Deploy.0 = Debug|Any CPU
		{0CB2A6D2-4BE9-40DF-B8E3-37C46F827D64}.Debug|iPhoneSimulator.ActiveCfg = Debug|Any CPU
		{0CB2A6D2-4BE9-40DF-B8E3-37C46F827D64}.Debug|iPhoneSimulator.Build.0 = Debug|Any CPU
		{0CB2A6D2-4BE9-40DF-B8E3-37C46F827D64}.Debug|iPhoneSimulator.Deploy.0 = Debug|Any CPU
		{0CB2A6D2-4BE9-40DF-B8E3-37C46F827D64}.Debug|x64.ActiveCfg = Debug|Any CPU
		{0CB2A6D2-4BE9-40DF-B8E3-37C46F827D64}.Debug|x64.Build.0 = Debug|Any CPU
		{0CB2A6D2-4BE9-40DF-B8E3-37C46F827D64}.Debug|x64.Deploy.0 = Debug|Any CPU
		{0CB2A6D2-4BE9-40DF-B8E3-37C46F827D64}.Debug|x86.ActiveCfg = Debug|x86
		{0CB2A6D2-4BE9-40DF-B8E3-37C46F827D64}.Debug|x86.Build.0 = Debug|x86
		{0CB2A6D2-4BE9-40DF-B8E3-37C46F827D64}.Debug|x86.Deploy.0 = Debug|x86
		{0CB2A6D2-4BE9-40DF-B8E3-37C46F827D64}.Release|Any CPU.ActiveCfg = Release|Any CPU
		{0CB2A6D2-4BE9-40DF-B8E3-37C46F827D64}.Release|Any CPU.Build.0 = Release|Any CPU
		{0CB2A6D2-4BE9-40DF-B8E3-37C46F827D64}.Release|Any CPU.Deploy.0 = Release|Any CPU
		{0CB2A6D2-4BE9-40DF-B8E3-37C46F827D64}.Release|ARM.ActiveCfg = Release|ARM
		{0CB2A6D2-4BE9-40DF-B8E3-37C46F827D64}.Release|ARM.Build.0 = Release|ARM
		{0CB2A6D2-4BE9-40DF-B8E3-37C46F827D64}.Release|ARM.Deploy.0 = Release|ARM
		{0CB2A6D2-4BE9-40DF-B8E3-37C46F827D64}.Release|iPhone.ActiveCfg = Release|Any CPU
		{0CB2A6D2-4BE9-40DF-B8E3-37C46F827D64}.Release|iPhone.Build.0 = Release|Any CPU
		{0CB2A6D2-4BE9-40DF-B8E3-37C46F827D64}.Release|iPhone.Deploy.0 = Release|Any CPU
		{0CB2A6D2-4BE9-40DF-B8E3-37C46F827D64}.Release|iPhoneSimulator.ActiveCfg = Release|Any CPU
		{0CB2A6D2-4BE9-40DF-B8E3-37C46F827D64}.Release|iPhoneSimulator.Build.0 = Release|Any CPU
		{0CB2A6D2-4BE9-40DF-B8E3-37C46F827D64}.Release|iPhoneSimulator.Deploy.0 = Release|Any CPU
		{0CB2A6D2-4BE9-40DF-B8E3-37C46F827D64}.Release|x64.ActiveCfg = Release|Any CPU
		{0CB2A6D2-4BE9-40DF-B8E3-37C46F827D64}.Release|x64.Build.0 = Release|Any CPU
		{0CB2A6D2-4BE9-40DF-B8E3-37C46F827D64}.Release|x64.Deploy.0 = Release|Any CPU
		{0CB2A6D2-4BE9-40DF-B8E3-37C46F827D64}.Release|x86.ActiveCfg = Release|x86
		{0CB2A6D2-4BE9-40DF-B8E3-37C46F827D64}.Release|x86.Build.0 = Release|x86
		{0CB2A6D2-4BE9-40DF-B8E3-37C46F827D64}.Release|x86.Deploy.0 = Release|x86
		{340C04EC-EFD2-43BB-8D97-0F644215D8C2}.Ad-Hoc|Any CPU.ActiveCfg = Release|x86
		{340C04EC-EFD2-43BB-8D97-0F644215D8C2}.Ad-Hoc|Any CPU.Build.0 = Release|x86
		{340C04EC-EFD2-43BB-8D97-0F644215D8C2}.Ad-Hoc|Any CPU.Deploy.0 = Release|x86
		{340C04EC-EFD2-43BB-8D97-0F644215D8C2}.Ad-Hoc|ARM.ActiveCfg = Release|ARM
		{340C04EC-EFD2-43BB-8D97-0F644215D8C2}.Ad-Hoc|ARM.Build.0 = Release|ARM
		{340C04EC-EFD2-43BB-8D97-0F644215D8C2}.Ad-Hoc|ARM.Deploy.0 = Release|ARM
		{340C04EC-EFD2-43BB-8D97-0F644215D8C2}.Ad-Hoc|iPhone.ActiveCfg = Release|x86
		{340C04EC-EFD2-43BB-8D97-0F644215D8C2}.Ad-Hoc|iPhone.Build.0 = Release|x86
		{340C04EC-EFD2-43BB-8D97-0F644215D8C2}.Ad-Hoc|iPhone.Deploy.0 = Release|x86
		{340C04EC-EFD2-43BB-8D97-0F644215D8C2}.Ad-Hoc|iPhoneSimulator.ActiveCfg = Release|x86
		{340C04EC-EFD2-43BB-8D97-0F644215D8C2}.Ad-Hoc|iPhoneSimulator.Build.0 = Release|x86
		{340C04EC-EFD2-43BB-8D97-0F644215D8C2}.Ad-Hoc|iPhoneSimulator.Deploy.0 = Release|x86
		{340C04EC-EFD2-43BB-8D97-0F644215D8C2}.Ad-Hoc|x64.ActiveCfg = Release|x64
		{340C04EC-EFD2-43BB-8D97-0F644215D8C2}.Ad-Hoc|x64.Build.0 = Release|x64
		{340C04EC-EFD2-43BB-8D97-0F644215D8C2}.Ad-Hoc|x64.Deploy.0 = Release|x64
		{340C04EC-EFD2-43BB-8D97-0F644215D8C2}.Ad-Hoc|x86.ActiveCfg = Release|x86
		{340C04EC-EFD2-43BB-8D97-0F644215D8C2}.Ad-Hoc|x86.Build.0 = Release|x86
		{340C04EC-EFD2-43BB-8D97-0F644215D8C2}.Ad-Hoc|x86.Deploy.0 = Release|x86
		{340C04EC-EFD2-43BB-8D97-0F644215D8C2}.AppStore|Any CPU.ActiveCfg = Release|x86
		{340C04EC-EFD2-43BB-8D97-0F644215D8C2}.AppStore|Any CPU.Build.0 = Release|x86
		{340C04EC-EFD2-43BB-8D97-0F644215D8C2}.AppStore|Any CPU.Deploy.0 = Release|x86
		{340C04EC-EFD2-43BB-8D97-0F644215D8C2}.AppStore|ARM.ActiveCfg = Release|ARM
		{340C04EC-EFD2-43BB-8D97-0F644215D8C2}.AppStore|ARM.Build.0 = Release|ARM
		{340C04EC-EFD2-43BB-8D97-0F644215D8C2}.AppStore|ARM.Deploy.0 = Release|ARM
		{340C04EC-EFD2-43BB-8D97-0F644215D8C2}.AppStore|iPhone.ActiveCfg = Release|x86
		{340C04EC-EFD2-43BB-8D97-0F644215D8C2}.AppStore|iPhone.Build.0 = Release|x86
		{340C04EC-EFD2-43BB-8D97-0F644215D8C2}.AppStore|iPhone.Deploy.0 = Release|x86
		{340C04EC-EFD2-43BB-8D97-0F644215D8C2}.AppStore|iPhoneSimulator.ActiveCfg = Release|x86
		{340C04EC-EFD2-43BB-8D97-0F644215D8C2}.AppStore|iPhoneSimulator.Build.0 = Release|x86
		{340C04EC-EFD2-43BB-8D97-0F644215D8C2}.AppStore|iPhoneSimulator.Deploy.0 = Release|x86
		{340C04EC-EFD2-43BB-8D97-0F644215D8C2}.AppStore|x64.ActiveCfg = Release|x64
		{340C04EC-EFD2-43BB-8D97-0F644215D8C2}.AppStore|x64.Build.0 = Release|x64
		{340C04EC-EFD2-43BB-8D97-0F644215D8C2}.AppStore|x64.Deploy.0 = Release|x64
		{340C04EC-EFD2-43BB-8D97-0F644215D8C2}.AppStore|x86.ActiveCfg = Release|x86
		{340C04EC-EFD2-43BB-8D97-0F644215D8C2}.AppStore|x86.Build.0 = Release|x86
		{340C04EC-EFD2-43BB-8D97-0F644215D8C2}.AppStore|x86.Deploy.0 = Release|x86
		{340C04EC-EFD2-43BB-8D97-0F644215D8C2}.Debug|Any CPU.ActiveCfg = Debug|x64
		{340C04EC-EFD2-43BB-8D97-0F644215D8C2}.Debug|ARM.ActiveCfg = Debug|ARM
		{340C04EC-EFD2-43BB-8D97-0F644215D8C2}.Debug|ARM.Build.0 = Debug|ARM
		{340C04EC-EFD2-43BB-8D97-0F644215D8C2}.Debug|ARM.Deploy.0 = Debug|ARM
		{340C04EC-EFD2-43BB-8D97-0F644215D8C2}.Debug|iPhone.ActiveCfg = Debug|x86
		{340C04EC-EFD2-43BB-8D97-0F644215D8C2}.Debug|iPhoneSimulator.ActiveCfg = Debug|x86
		{340C04EC-EFD2-43BB-8D97-0F644215D8C2}.Debug|x64.ActiveCfg = Debug|x64
		{340C04EC-EFD2-43BB-8D97-0F644215D8C2}.Debug|x64.Build.0 = Debug|x64
		{340C04EC-EFD2-43BB-8D97-0F644215D8C2}.Debug|x64.Deploy.0 = Debug|x64
		{340C04EC-EFD2-43BB-8D97-0F644215D8C2}.Debug|x86.ActiveCfg = Debug|x86
		{340C04EC-EFD2-43BB-8D97-0F644215D8C2}.Debug|x86.Build.0 = Debug|x86
		{340C04EC-EFD2-43BB-8D97-0F644215D8C2}.Debug|x86.Deploy.0 = Debug|x86
		{340C04EC-EFD2-43BB-8D97-0F644215D8C2}.Release|Any CPU.ActiveCfg = Release|x86
		{340C04EC-EFD2-43BB-8D97-0F644215D8C2}.Release|ARM.ActiveCfg = Release|ARM
		{340C04EC-EFD2-43BB-8D97-0F644215D8C2}.Release|ARM.Build.0 = Release|ARM
		{340C04EC-EFD2-43BB-8D97-0F644215D8C2}.Release|ARM.Deploy.0 = Release|ARM
		{340C04EC-EFD2-43BB-8D97-0F644215D8C2}.Release|iPhone.ActiveCfg = Release|x86
		{340C04EC-EFD2-43BB-8D97-0F644215D8C2}.Release|iPhoneSimulator.ActiveCfg = Release|x86
		{340C04EC-EFD2-43BB-8D97-0F644215D8C2}.Release|x64.ActiveCfg = Release|x64
		{340C04EC-EFD2-43BB-8D97-0F644215D8C2}.Release|x64.Build.0 = Release|x64
		{340C04EC-EFD2-43BB-8D97-0F644215D8C2}.Release|x64.Deploy.0 = Release|x64
		{340C04EC-EFD2-43BB-8D97-0F644215D8C2}.Release|x86.ActiveCfg = Release|x86
		{340C04EC-EFD2-43BB-8D97-0F644215D8C2}.Release|x86.Build.0 = Release|x86
		{340C04EC-EFD2-43BB-8D97-0F644215D8C2}.Release|x86.Deploy.0 = Release|x86
		{6914CBF1-BEF0-48D2-ABB6-A3E6DB85864F}.Ad-Hoc|Any CPU.ActiveCfg = Release|Any CPU
		{6914CBF1-BEF0-48D2-ABB6-A3E6DB85864F}.Ad-Hoc|Any CPU.Build.0 = Release|Any CPU
		{6914CBF1-BEF0-48D2-ABB6-A3E6DB85864F}.Ad-Hoc|Any CPU.Deploy.0 = Release|Any CPU
		{6914CBF1-BEF0-48D2-ABB6-A3E6DB85864F}.Ad-Hoc|ARM.ActiveCfg = Release|ARM
		{6914CBF1-BEF0-48D2-ABB6-A3E6DB85864F}.Ad-Hoc|ARM.Build.0 = Release|ARM
		{6914CBF1-BEF0-48D2-ABB6-A3E6DB85864F}.Ad-Hoc|ARM.Deploy.0 = Release|ARM
		{6914CBF1-BEF0-48D2-ABB6-A3E6DB85864F}.Ad-Hoc|iPhone.ActiveCfg = Release|Any CPU
		{6914CBF1-BEF0-48D2-ABB6-A3E6DB85864F}.Ad-Hoc|iPhone.Build.0 = Release|Any CPU
		{6914CBF1-BEF0-48D2-ABB6-A3E6DB85864F}.Ad-Hoc|iPhone.Deploy.0 = Release|Any CPU
		{6914CBF1-BEF0-48D2-ABB6-A3E6DB85864F}.Ad-Hoc|iPhoneSimulator.ActiveCfg = Release|Any CPU
		{6914CBF1-BEF0-48D2-ABB6-A3E6DB85864F}.Ad-Hoc|iPhoneSimulator.Build.0 = Release|Any CPU
		{6914CBF1-BEF0-48D2-ABB6-A3E6DB85864F}.Ad-Hoc|iPhoneSimulator.Deploy.0 = Release|Any CPU
		{6914CBF1-BEF0-48D2-ABB6-A3E6DB85864F}.Ad-Hoc|x64.ActiveCfg = Release|x64
		{6914CBF1-BEF0-48D2-ABB6-A3E6DB85864F}.Ad-Hoc|x64.Build.0 = Release|x64
		{6914CBF1-BEF0-48D2-ABB6-A3E6DB85864F}.Ad-Hoc|x64.Deploy.0 = Release|x64
		{6914CBF1-BEF0-48D2-ABB6-A3E6DB85864F}.Ad-Hoc|x86.ActiveCfg = Release|x86
		{6914CBF1-BEF0-48D2-ABB6-A3E6DB85864F}.Ad-Hoc|x86.Build.0 = Release|x86
		{6914CBF1-BEF0-48D2-ABB6-A3E6DB85864F}.Ad-Hoc|x86.Deploy.0 = Release|x86
		{6914CBF1-BEF0-48D2-ABB6-A3E6DB85864F}.AppStore|Any CPU.ActiveCfg = Release|Any CPU
		{6914CBF1-BEF0-48D2-ABB6-A3E6DB85864F}.AppStore|Any CPU.Build.0 = Release|Any CPU
		{6914CBF1-BEF0-48D2-ABB6-A3E6DB85864F}.AppStore|Any CPU.Deploy.0 = Release|Any CPU
		{6914CBF1-BEF0-48D2-ABB6-A3E6DB85864F}.AppStore|ARM.ActiveCfg = Release|ARM
		{6914CBF1-BEF0-48D2-ABB6-A3E6DB85864F}.AppStore|ARM.Build.0 = Release|ARM
		{6914CBF1-BEF0-48D2-ABB6-A3E6DB85864F}.AppStore|ARM.Deploy.0 = Release|ARM
		{6914CBF1-BEF0-48D2-ABB6-A3E6DB85864F}.AppStore|iPhone.ActiveCfg = Release|Any CPU
		{6914CBF1-BEF0-48D2-ABB6-A3E6DB85864F}.AppStore|iPhone.Build.0 = Release|Any CPU
		{6914CBF1-BEF0-48D2-ABB6-A3E6DB85864F}.AppStore|iPhone.Deploy.0 = Release|Any CPU
		{6914CBF1-BEF0-48D2-ABB6-A3E6DB85864F}.AppStore|iPhoneSimulator.ActiveCfg = Release|Any CPU
		{6914CBF1-BEF0-48D2-ABB6-A3E6DB85864F}.AppStore|iPhoneSimulator.Build.0 = Release|Any CPU
		{6914CBF1-BEF0-48D2-ABB6-A3E6DB85864F}.AppStore|iPhoneSimulator.Deploy.0 = Release|Any CPU
		{6914CBF1-BEF0-48D2-ABB6-A3E6DB85864F}.AppStore|x64.ActiveCfg = Release|x64
		{6914CBF1-BEF0-48D2-ABB6-A3E6DB85864F}.AppStore|x64.Build.0 = Release|x64
		{6914CBF1-BEF0-48D2-ABB6-A3E6DB85864F}.AppStore|x64.Deploy.0 = Release|x64
		{6914CBF1-BEF0-48D2-ABB6-A3E6DB85864F}.AppStore|x86.ActiveCfg = Release|x86
		{6914CBF1-BEF0-48D2-ABB6-A3E6DB85864F}.AppStore|x86.Build.0 = Release|x86
		{6914CBF1-BEF0-48D2-ABB6-A3E6DB85864F}.AppStore|x86.Deploy.0 = Release|x86
		{6914CBF1-BEF0-48D2-ABB6-A3E6DB85864F}.Debug|Any CPU.ActiveCfg = Debug|Any CPU
		{6914CBF1-BEF0-48D2-ABB6-A3E6DB85864F}.Debug|ARM.ActiveCfg = Debug|ARM
		{6914CBF1-BEF0-48D2-ABB6-A3E6DB85864F}.Debug|ARM.Build.0 = Debug|ARM
		{6914CBF1-BEF0-48D2-ABB6-A3E6DB85864F}.Debug|ARM.Deploy.0 = Debug|ARM
		{6914CBF1-BEF0-48D2-ABB6-A3E6DB85864F}.Debug|iPhone.ActiveCfg = Debug|Any CPU
		{6914CBF1-BEF0-48D2-ABB6-A3E6DB85864F}.Debug|iPhone.Build.0 = Debug|Any CPU
		{6914CBF1-BEF0-48D2-ABB6-A3E6DB85864F}.Debug|iPhone.Deploy.0 = Debug|Any CPU
		{6914CBF1-BEF0-48D2-ABB6-A3E6DB85864F}.Debug|iPhoneSimulator.ActiveCfg = Debug|Any CPU
		{6914CBF1-BEF0-48D2-ABB6-A3E6DB85864F}.Debug|iPhoneSimulator.Build.0 = Debug|Any CPU
		{6914CBF1-BEF0-48D2-ABB6-A3E6DB85864F}.Debug|iPhoneSimulator.Deploy.0 = Debug|Any CPU
		{6914CBF1-BEF0-48D2-ABB6-A3E6DB85864F}.Debug|x64.ActiveCfg = Debug|x64
		{6914CBF1-BEF0-48D2-ABB6-A3E6DB85864F}.Debug|x64.Build.0 = Debug|x64
		{6914CBF1-BEF0-48D2-ABB6-A3E6DB85864F}.Debug|x64.Deploy.0 = Debug|x64
		{6914CBF1-BEF0-48D2-ABB6-A3E6DB85864F}.Debug|x86.ActiveCfg = Debug|x86
		{6914CBF1-BEF0-48D2-ABB6-A3E6DB85864F}.Debug|x86.Build.0 = Debug|x86
		{6914CBF1-BEF0-48D2-ABB6-A3E6DB85864F}.Debug|x86.Deploy.0 = Debug|x86
		{6914CBF1-BEF0-48D2-ABB6-A3E6DB85864F}.Release|Any CPU.ActiveCfg = Release|Any CPU
		{6914CBF1-BEF0-48D2-ABB6-A3E6DB85864F}.Release|Any CPU.Build.0 = Release|Any CPU
		{6914CBF1-BEF0-48D2-ABB6-A3E6DB85864F}.Release|Any CPU.Deploy.0 = Release|Any CPU
		{6914CBF1-BEF0-48D2-ABB6-A3E6DB85864F}.Release|ARM.ActiveCfg = Release|ARM
		{6914CBF1-BEF0-48D2-ABB6-A3E6DB85864F}.Release|ARM.Build.0 = Release|ARM
		{6914CBF1-BEF0-48D2-ABB6-A3E6DB85864F}.Release|ARM.Deploy.0 = Release|ARM
		{6914CBF1-BEF0-48D2-ABB6-A3E6DB85864F}.Release|iPhone.ActiveCfg = Release|Any CPU
		{6914CBF1-BEF0-48D2-ABB6-A3E6DB85864F}.Release|iPhone.Build.0 = Release|Any CPU
		{6914CBF1-BEF0-48D2-ABB6-A3E6DB85864F}.Release|iPhone.Deploy.0 = Release|Any CPU
		{6914CBF1-BEF0-48D2-ABB6-A3E6DB85864F}.Release|iPhoneSimulator.ActiveCfg = Release|Any CPU
		{6914CBF1-BEF0-48D2-ABB6-A3E6DB85864F}.Release|iPhoneSimulator.Build.0 = Release|Any CPU
		{6914CBF1-BEF0-48D2-ABB6-A3E6DB85864F}.Release|iPhoneSimulator.Deploy.0 = Release|Any CPU
		{6914CBF1-BEF0-48D2-ABB6-A3E6DB85864F}.Release|x64.ActiveCfg = Release|x64
		{6914CBF1-BEF0-48D2-ABB6-A3E6DB85864F}.Release|x64.Build.0 = Release|x64
		{6914CBF1-BEF0-48D2-ABB6-A3E6DB85864F}.Release|x64.Deploy.0 = Release|x64
		{6914CBF1-BEF0-48D2-ABB6-A3E6DB85864F}.Release|x86.ActiveCfg = Release|x86
		{6914CBF1-BEF0-48D2-ABB6-A3E6DB85864F}.Release|x86.Build.0 = Release|x86
		{6914CBF1-BEF0-48D2-ABB6-A3E6DB85864F}.Release|x86.Deploy.0 = Release|x86
		{ADA7B0AD-7A42-4BCF-9F51-097CEAB6D807}.Ad-Hoc|Any CPU.ActiveCfg = Release|Any CPU
		{ADA7B0AD-7A42-4BCF-9F51-097CEAB6D807}.Ad-Hoc|Any CPU.Build.0 = Release|Any CPU
		{ADA7B0AD-7A42-4BCF-9F51-097CEAB6D807}.Ad-Hoc|ARM.ActiveCfg = Release|Any CPU
		{ADA7B0AD-7A42-4BCF-9F51-097CEAB6D807}.Ad-Hoc|ARM.Build.0 = Release|Any CPU
		{ADA7B0AD-7A42-4BCF-9F51-097CEAB6D807}.Ad-Hoc|iPhone.ActiveCfg = Release|Any CPU
		{ADA7B0AD-7A42-4BCF-9F51-097CEAB6D807}.Ad-Hoc|iPhone.Build.0 = Release|Any CPU
		{ADA7B0AD-7A42-4BCF-9F51-097CEAB6D807}.Ad-Hoc|iPhoneSimulator.ActiveCfg = Release|Any CPU
		{ADA7B0AD-7A42-4BCF-9F51-097CEAB6D807}.Ad-Hoc|iPhoneSimulator.Build.0 = Release|Any CPU
		{ADA7B0AD-7A42-4BCF-9F51-097CEAB6D807}.Ad-Hoc|x64.ActiveCfg = Release|Any CPU
		{ADA7B0AD-7A42-4BCF-9F51-097CEAB6D807}.Ad-Hoc|x64.Build.0 = Release|Any CPU
		{ADA7B0AD-7A42-4BCF-9F51-097CEAB6D807}.Ad-Hoc|x86.ActiveCfg = Release|Any CPU
		{ADA7B0AD-7A42-4BCF-9F51-097CEAB6D807}.Ad-Hoc|x86.Build.0 = Release|Any CPU
		{ADA7B0AD-7A42-4BCF-9F51-097CEAB6D807}.AppStore|Any CPU.ActiveCfg = Release|Any CPU
		{ADA7B0AD-7A42-4BCF-9F51-097CEAB6D807}.AppStore|Any CPU.Build.0 = Release|Any CPU
		{ADA7B0AD-7A42-4BCF-9F51-097CEAB6D807}.AppStore|ARM.ActiveCfg = Release|Any CPU
		{ADA7B0AD-7A42-4BCF-9F51-097CEAB6D807}.AppStore|ARM.Build.0 = Release|Any CPU
		{ADA7B0AD-7A42-4BCF-9F51-097CEAB6D807}.AppStore|iPhone.ActiveCfg = Release|Any CPU
		{ADA7B0AD-7A42-4BCF-9F51-097CEAB6D807}.AppStore|iPhone.Build.0 = Release|Any CPU
		{ADA7B0AD-7A42-4BCF-9F51-097CEAB6D807}.AppStore|iPhoneSimulator.ActiveCfg = Release|Any CPU
		{ADA7B0AD-7A42-4BCF-9F51-097CEAB6D807}.AppStore|iPhoneSimulator.Build.0 = Release|Any CPU
		{ADA7B0AD-7A42-4BCF-9F51-097CEAB6D807}.AppStore|x64.ActiveCfg = Release|Any CPU
		{ADA7B0AD-7A42-4BCF-9F51-097CEAB6D807}.AppStore|x64.Build.0 = Release|Any CPU
		{ADA7B0AD-7A42-4BCF-9F51-097CEAB6D807}.AppStore|x86.ActiveCfg = Release|Any CPU
		{ADA7B0AD-7A42-4BCF-9F51-097CEAB6D807}.AppStore|x86.Build.0 = Release|Any CPU
		{ADA7B0AD-7A42-4BCF-9F51-097CEAB6D807}.Debug|Any CPU.ActiveCfg = Debug|Any CPU
		{ADA7B0AD-7A42-4BCF-9F51-097CEAB6D807}.Debug|Any CPU.Build.0 = Debug|Any CPU
		{ADA7B0AD-7A42-4BCF-9F51-097CEAB6D807}.Debug|ARM.ActiveCfg = Debug|Any CPU
		{ADA7B0AD-7A42-4BCF-9F51-097CEAB6D807}.Debug|ARM.Build.0 = Debug|Any CPU
		{ADA7B0AD-7A42-4BCF-9F51-097CEAB6D807}.Debug|iPhone.ActiveCfg = Debug|Any CPU
		{ADA7B0AD-7A42-4BCF-9F51-097CEAB6D807}.Debug|iPhone.Build.0 = Debug|Any CPU
		{ADA7B0AD-7A42-4BCF-9F51-097CEAB6D807}.Debug|iPhoneSimulator.ActiveCfg = Debug|Any CPU
		{ADA7B0AD-7A42-4BCF-9F51-097CEAB6D807}.Debug|iPhoneSimulator.Build.0 = Debug|Any CPU
		{ADA7B0AD-7A42-4BCF-9F51-097CEAB6D807}.Debug|x64.ActiveCfg = Debug|Any CPU
		{ADA7B0AD-7A42-4BCF-9F51-097CEAB6D807}.Debug|x64.Build.0 = Debug|Any CPU
		{ADA7B0AD-7A42-4BCF-9F51-097CEAB6D807}.Debug|x86.ActiveCfg = Debug|Any CPU
		{ADA7B0AD-7A42-4BCF-9F51-097CEAB6D807}.Debug|x86.Build.0 = Debug|Any CPU
		{ADA7B0AD-7A42-4BCF-9F51-097CEAB6D807}.Release|Any CPU.ActiveCfg = Release|Any CPU
		{ADA7B0AD-7A42-4BCF-9F51-097CEAB6D807}.Release|Any CPU.Build.0 = Release|Any CPU
		{ADA7B0AD-7A42-4BCF-9F51-097CEAB6D807}.Release|ARM.ActiveCfg = Release|Any CPU
		{ADA7B0AD-7A42-4BCF-9F51-097CEAB6D807}.Release|ARM.Build.0 = Release|Any CPU
		{ADA7B0AD-7A42-4BCF-9F51-097CEAB6D807}.Release|iPhone.ActiveCfg = Release|Any CPU
		{ADA7B0AD-7A42-4BCF-9F51-097CEAB6D807}.Release|iPhone.Build.0 = Release|Any CPU
		{ADA7B0AD-7A42-4BCF-9F51-097CEAB6D807}.Release|iPhoneSimulator.ActiveCfg = Release|Any CPU
		{ADA7B0AD-7A42-4BCF-9F51-097CEAB6D807}.Release|iPhoneSimulator.Build.0 = Release|Any CPU
		{ADA7B0AD-7A42-4BCF-9F51-097CEAB6D807}.Release|x64.ActiveCfg = Release|Any CPU
		{ADA7B0AD-7A42-4BCF-9F51-097CEAB6D807}.Release|x64.Build.0 = Release|Any CPU
		{ADA7B0AD-7A42-4BCF-9F51-097CEAB6D807}.Release|x86.ActiveCfg = Release|Any CPU
		{ADA7B0AD-7A42-4BCF-9F51-097CEAB6D807}.Release|x86.Build.0 = Release|Any CPU
	EndGlobalSection
	GlobalSection(SolutionProperties) = preSolution
		HideSolutionNode = FALSE
	EndGlobalSection
EndGlobal
